
Microsoft Visual Studio Solution File, Format Version 12.00
# Visual Studio Version 16
VisualStudioVersion = 16.0.28803.352
MinimumVisualStudioVersion = 10.0.40219.1
Project("{FAE04EC0-301F-11D3-BF4B-00C04F79EFBC}") = "WikiDataAnalysis", "WikiDataAnalysis\WikiDataAnalysis.csproj", "{29AA3701-1D66-4D1C-B904-AF9662EE3547}"
EndProject
Project("{FAE04EC0-301F-11D3-BF4B-00C04F79EFBC}") = "DownloadWikiData", "DownloadWikiData\DownloadWikiData.csproj", "{1A748F72-17CA-47B2-9101-72253E8AD825}"
EndProject
Project("{FAE04EC0-301F-11D3-BF4B-00C04F79EFBC}") = "GPU", "GPU\GPU.csproj", "{8B45D65B-9651-4BAE-813F-37BB983610E0}"
EndProject
Project("{FAE04EC0-301F-11D3-BF4B-00C04F79EFBC}") = "WikiDataAnalysis_WPF", "WikiDataAnalysis_WPF\WikiDataAnalysis_WPF.csproj", "{C9CA0468-AE54-432B-A711-5A98C45A6583}"
EndProject
Project("{FAE04EC0-301F-11D3-BF4B-00C04F79EFBC}") = "DownloadWikiData2", "DownloadWikiData2\DownloadWikiData2.csproj", "{7EB6BE27-0BAC-46F3-B49B-07338D6F8F55}"
EndProject
Project("{8BC9CEB8-8B4A-11D0-8D11-00A0C91BC942}") = "opencc", "opencc\opencc.vcxproj", "{ECB2A8C8-6258-4859-9A9F-F90804B3E9CC}"
EndProject
Project("{9A19103F-16F7-4668-BE54-9A1E7A4F7556}") = "DownloadWikiData2_Core", "DownloadWikiData2_Core\DownloadWikiData2_Core.csproj", "{15E4D3B2-2BC1-46ED-8DAF-61F7D7BB9945}"
EndProject
Project("{FAE04EC0-301F-11D3-BF4B-00C04F79EFBC}") = "DownloadWikiData_Core", "DownloadWikiData_Core\DownloadWikiData_Core.csproj", "{C5764CEA-EE13-4C6B-90A7-14507D40182B}"
EndProject
Global
	GlobalSection(SolutionConfigurationPlatforms) = preSolution
		Debug|Any CPU = Debug|Any CPU
		Debug|ARM = Debug|ARM
		Debug|ARM64 = Debug|ARM64
		Debug|x64 = Debug|x64
		Debug|x86 = Debug|x86
		Heavy Test|Any CPU = Heavy Test|Any CPU
		Heavy Test|ARM = Heavy Test|ARM
		Heavy Test|ARM64 = Heavy Test|ARM64
		Heavy Test|x64 = Heavy Test|x64
		Heavy Test|x86 = Heavy Test|x86
		Release|Any CPU = Release|Any CPU
		Release|ARM = Release|ARM
		Release|ARM64 = Release|ARM64
		Release|x64 = Release|x64
		Release|x86 = Release|x86
	EndGlobalSection
	GlobalSection(ProjectConfigurationPlatforms) = postSolution
		{29AA3701-1D66-4D1C-B904-AF9662EE3547}.Debug|Any CPU.ActiveCfg = Debug|Any CPU
		{29AA3701-1D66-4D1C-B904-AF9662EE3547}.Debug|Any CPU.Build.0 = Debug|Any CPU
		{29AA3701-1D66-4D1C-B904-AF9662EE3547}.Debug|ARM.ActiveCfg = Debug|Any CPU
		{29AA3701-1D66-4D1C-B904-AF9662EE3547}.Debug|ARM.Build.0 = Debug|Any CPU
		{29AA3701-1D66-4D1C-B904-AF9662EE3547}.Debug|ARM64.ActiveCfg = Debug|Any CPU
		{29AA3701-1D66-4D1C-B904-AF9662EE3547}.Debug|ARM64.Build.0 = Debug|Any CPU
		{29AA3701-1D66-4D1C-B904-AF9662EE3547}.Debug|x64.ActiveCfg = Debug|Any CPU
		{29AA3701-1D66-4D1C-B904-AF9662EE3547}.Debug|x64.Build.0 = Debug|Any CPU
		{29AA3701-1D66-4D1C-B904-AF9662EE3547}.Debug|x86.ActiveCfg = Debug|Any CPU
		{29AA3701-1D66-4D1C-B904-AF9662EE3547}.Debug|x86.Build.0 = Debug|Any CPU
		{29AA3701-1D66-4D1C-B904-AF9662EE3547}.Heavy Test|Any CPU.ActiveCfg = Heavy Test|Any CPU
		{29AA3701-1D66-4D1C-B904-AF9662EE3547}.Heavy Test|Any CPU.Build.0 = Heavy Test|Any CPU
		{29AA3701-1D66-4D1C-B904-AF9662EE3547}.Heavy Test|ARM.ActiveCfg = Heavy Test|Any CPU
		{29AA3701-1D66-4D1C-B904-AF9662EE3547}.Heavy Test|ARM.Build.0 = Heavy Test|Any CPU
		{29AA3701-1D66-4D1C-B904-AF9662EE3547}.Heavy Test|ARM64.ActiveCfg = Heavy Test|Any CPU
		{29AA3701-1D66-4D1C-B904-AF9662EE3547}.Heavy Test|ARM64.Build.0 = Heavy Test|Any CPU
		{29AA3701-1D66-4D1C-B904-AF9662EE3547}.Heavy Test|x64.ActiveCfg = Heavy Test|Any CPU
		{29AA3701-1D66-4D1C-B904-AF9662EE3547}.Heavy Test|x64.Build.0 = Heavy Test|Any CPU
		{29AA3701-1D66-4D1C-B904-AF9662EE3547}.Heavy Test|x86.ActiveCfg = Heavy Test|Any CPU
		{29AA3701-1D66-4D1C-B904-AF9662EE3547}.Heavy Test|x86.Build.0 = Heavy Test|Any CPU
		{29AA3701-1D66-4D1C-B904-AF9662EE3547}.Release|Any CPU.ActiveCfg = Release|Any CPU
		{29AA3701-1D66-4D1C-B904-AF9662EE3547}.Release|Any CPU.Build.0 = Release|Any CPU
		{29AA3701-1D66-4D1C-B904-AF9662EE3547}.Release|ARM.ActiveCfg = Release|Any CPU
		{29AA3701-1D66-4D1C-B904-AF9662EE3547}.Release|ARM.Build.0 = Release|Any CPU
		{29AA3701-1D66-4D1C-B904-AF9662EE3547}.Release|ARM64.ActiveCfg = Release|Any CPU
		{29AA3701-1D66-4D1C-B904-AF9662EE3547}.Release|ARM64.Build.0 = Release|Any CPU
		{29AA3701-1D66-4D1C-B904-AF9662EE3547}.Release|x64.ActiveCfg = Release|Any CPU
		{29AA3701-1D66-4D1C-B904-AF9662EE3547}.Release|x64.Build.0 = Release|Any CPU
		{29AA3701-1D66-4D1C-B904-AF9662EE3547}.Release|x86.ActiveCfg = Release|Any CPU
		{29AA3701-1D66-4D1C-B904-AF9662EE3547}.Release|x86.Build.0 = Release|Any CPU
		{1A748F72-17CA-47B2-9101-72253E8AD825}.Debug|Any CPU.ActiveCfg = Debug|Any CPU
		{1A748F72-17CA-47B2-9101-72253E8AD825}.Debug|Any CPU.Build.0 = Debug|Any CPU
		{1A748F72-17CA-47B2-9101-72253E8AD825}.Debug|ARM.ActiveCfg = Debug|Any CPU
		{1A748F72-17CA-47B2-9101-72253E8AD825}.Debug|ARM.Build.0 = Debug|Any CPU
		{1A748F72-17CA-47B2-9101-72253E8AD825}.Debug|ARM64.ActiveCfg = Debug|Any CPU
		{1A748F72-17CA-47B2-9101-72253E8AD825}.Debug|ARM64.Build.0 = Debug|Any CPU
		{1A748F72-17CA-47B2-9101-72253E8AD825}.Debug|x64.ActiveCfg = Debug|Any CPU
		{1A748F72-17CA-47B2-9101-72253E8AD825}.Debug|x64.Build.0 = Debug|Any CPU
		{1A748F72-17CA-47B2-9101-72253E8AD825}.Debug|x86.ActiveCfg = Debug|Any CPU
		{1A748F72-17CA-47B2-9101-72253E8AD825}.Debug|x86.Build.0 = Debug|Any CPU
		{1A748F72-17CA-47B2-9101-72253E8AD825}.Heavy Test|Any CPU.ActiveCfg = Release|Any CPU
		{1A748F72-17CA-47B2-9101-72253E8AD825}.Heavy Test|Any CPU.Build.0 = Release|Any CPU
		{1A748F72-17CA-47B2-9101-72253E8AD825}.Heavy Test|ARM.ActiveCfg = Release|Any CPU
		{1A748F72-17CA-47B2-9101-72253E8AD825}.Heavy Test|ARM.Build.0 = Release|Any CPU
		{1A748F72-17CA-47B2-9101-72253E8AD825}.Heavy Test|ARM64.ActiveCfg = Release|Any CPU
		{1A748F72-17CA-47B2-9101-72253E8AD825}.Heavy Test|ARM64.Build.0 = Release|Any CPU
		{1A748F72-17CA-47B2-9101-72253E8AD825}.Heavy Test|x64.ActiveCfg = Release|Any CPU
		{1A748F72-17CA-47B2-9101-72253E8AD825}.Heavy Test|x64.Build.0 = Release|Any CPU
		{1A748F72-17CA-47B2-9101-72253E8AD825}.Heavy Test|x86.ActiveCfg = Release|Any CPU
		{1A748F72-17CA-47B2-9101-72253E8AD825}.Heavy Test|x86.Build.0 = Release|Any CPU
		{1A748F72-17CA-47B2-9101-72253E8AD825}.Release|Any CPU.ActiveCfg = Release|Any CPU
		{1A748F72-17CA-47B2-9101-72253E8AD825}.Release|Any CPU.Build.0 = Release|Any CPU
		{1A748F72-17CA-47B2-9101-72253E8AD825}.Release|ARM.ActiveCfg = Release|Any CPU
		{1A748F72-17CA-47B2-9101-72253E8AD825}.Release|ARM.Build.0 = Release|Any CPU
		{1A748F72-17CA-47B2-9101-72253E8AD825}.Release|ARM64.ActiveCfg = Release|Any CPU
		{1A748F72-17CA-47B2-9101-72253E8AD825}.Release|ARM64.Build.0 = Release|Any CPU
		{1A748F72-17CA-47B2-9101-72253E8AD825}.Release|x64.ActiveCfg = Release|Any CPU
		{1A748F72-17CA-47B2-9101-72253E8AD825}.Release|x64.Build.0 = Release|Any CPU
		{1A748F72-17CA-47B2-9101-72253E8AD825}.Release|x86.ActiveCfg = Release|Any CPU
		{1A748F72-17CA-47B2-9101-72253E8AD825}.Release|x86.Build.0 = Release|Any CPU
		{8B45D65B-9651-4BAE-813F-37BB983610E0}.Debug|Any CPU.ActiveCfg = Debug|Any CPU
		{8B45D65B-9651-4BAE-813F-37BB983610E0}.Debug|Any CPU.Build.0 = Debug|Any CPU
		{8B45D65B-9651-4BAE-813F-37BB983610E0}.Debug|ARM.ActiveCfg = Debug|Any CPU
		{8B45D65B-9651-4BAE-813F-37BB983610E0}.Debug|ARM.Build.0 = Debug|Any CPU
		{8B45D65B-9651-4BAE-813F-37BB983610E0}.Debug|ARM64.ActiveCfg = Debug|Any CPU
		{8B45D65B-9651-4BAE-813F-37BB983610E0}.Debug|ARM64.Build.0 = Debug|Any CPU
		{8B45D65B-9651-4BAE-813F-37BB983610E0}.Debug|x64.ActiveCfg = Debug|Any CPU
		{8B45D65B-9651-4BAE-813F-37BB983610E0}.Debug|x64.Build.0 = Debug|Any CPU
		{8B45D65B-9651-4BAE-813F-37BB983610E0}.Debug|x86.ActiveCfg = Debug|Any CPU
		{8B45D65B-9651-4BAE-813F-37BB983610E0}.Debug|x86.Build.0 = Debug|Any CPU
		{8B45D65B-9651-4BAE-813F-37BB983610E0}.Heavy Test|Any CPU.ActiveCfg = Release|Any CPU
		{8B45D65B-9651-4BAE-813F-37BB983610E0}.Heavy Test|Any CPU.Build.0 = Release|Any CPU
		{8B45D65B-9651-4BAE-813F-37BB983610E0}.Heavy Test|ARM.ActiveCfg = Release|Any CPU
		{8B45D65B-9651-4BAE-813F-37BB983610E0}.Heavy Test|ARM.Build.0 = Release|Any CPU
		{8B45D65B-9651-4BAE-813F-37BB983610E0}.Heavy Test|ARM64.ActiveCfg = Release|Any CPU
		{8B45D65B-9651-4BAE-813F-37BB983610E0}.Heavy Test|ARM64.Build.0 = Release|Any CPU
		{8B45D65B-9651-4BAE-813F-37BB983610E0}.Heavy Test|x64.ActiveCfg = Release|Any CPU
		{8B45D65B-9651-4BAE-813F-37BB983610E0}.Heavy Test|x64.Build.0 = Release|Any CPU
		{8B45D65B-9651-4BAE-813F-37BB983610E0}.Heavy Test|x86.ActiveCfg = Release|Any CPU
		{8B45D65B-9651-4BAE-813F-37BB983610E0}.Heavy Test|x86.Build.0 = Release|Any CPU
		{8B45D65B-9651-4BAE-813F-37BB983610E0}.Release|Any CPU.ActiveCfg = Release|Any CPU
		{8B45D65B-9651-4BAE-813F-37BB983610E0}.Release|Any CPU.Build.0 = Release|Any CPU
		{8B45D65B-9651-4BAE-813F-37BB983610E0}.Release|ARM.ActiveCfg = Release|Any CPU
		{8B45D65B-9651-4BAE-813F-37BB983610E0}.Release|ARM.Build.0 = Release|Any CPU
		{8B45D65B-9651-4BAE-813F-37BB983610E0}.Release|ARM64.ActiveCfg = Release|Any CPU
		{8B45D65B-9651-4BAE-813F-37BB983610E0}.Release|ARM64.Build.0 = Release|Any CPU
		{8B45D65B-9651-4BAE-813F-37BB983610E0}.Release|x64.ActiveCfg = Release|Any CPU
		{8B45D65B-9651-4BAE-813F-37BB983610E0}.Release|x64.Build.0 = Release|Any CPU
		{8B45D65B-9651-4BAE-813F-37BB983610E0}.Release|x86.ActiveCfg = Release|Any CPU
		{8B45D65B-9651-4BAE-813F-37BB983610E0}.Release|x86.Build.0 = Release|Any CPU
		{C9CA0468-AE54-432B-A711-5A98C45A6583}.Debug|Any CPU.ActiveCfg = Debug|Any CPU
		{C9CA0468-AE54-432B-A711-5A98C45A6583}.Debug|Any CPU.Build.0 = Debug|Any CPU
		{C9CA0468-AE54-432B-A711-5A98C45A6583}.Debug|ARM.ActiveCfg = Debug|Any CPU
		{C9CA0468-AE54-432B-A711-5A98C45A6583}.Debug|ARM.Build.0 = Debug|Any CPU
		{C9CA0468-AE54-432B-A711-5A98C45A6583}.Debug|ARM64.ActiveCfg = Debug|Any CPU
		{C9CA0468-AE54-432B-A711-5A98C45A6583}.Debug|ARM64.Build.0 = Debug|Any CPU
		{C9CA0468-AE54-432B-A711-5A98C45A6583}.Debug|x64.ActiveCfg = Debug|Any CPU
		{C9CA0468-AE54-432B-A711-5A98C45A6583}.Debug|x64.Build.0 = Debug|Any CPU
		{C9CA0468-AE54-432B-A711-5A98C45A6583}.Debug|x86.ActiveCfg = Debug|Any CPU
		{C9CA0468-AE54-432B-A711-5A98C45A6583}.Debug|x86.Build.0 = Debug|Any CPU
		{C9CA0468-AE54-432B-A711-5A98C45A6583}.Heavy Test|Any CPU.ActiveCfg = Release|Any CPU
		{C9CA0468-AE54-432B-A711-5A98C45A6583}.Heavy Test|Any CPU.Build.0 = Release|Any CPU
		{C9CA0468-AE54-432B-A711-5A98C45A6583}.Heavy Test|ARM.ActiveCfg = Release|Any CPU
		{C9CA0468-AE54-432B-A711-5A98C45A6583}.Heavy Test|ARM.Build.0 = Release|Any CPU
		{C9CA0468-AE54-432B-A711-5A98C45A6583}.Heavy Test|ARM64.ActiveCfg = Release|Any CPU
		{C9CA0468-AE54-432B-A711-5A98C45A6583}.Heavy Test|ARM64.Build.0 = Release|Any CPU
		{C9CA0468-AE54-432B-A711-5A98C45A6583}.Heavy Test|x64.ActiveCfg = Release|Any CPU
		{C9CA0468-AE54-432B-A711-5A98C45A6583}.Heavy Test|x64.Build.0 = Release|Any CPU
		{C9CA0468-AE54-432B-A711-5A98C45A6583}.Heavy Test|x86.ActiveCfg = Release|Any CPU
		{C9CA0468-AE54-432B-A711-5A98C45A6583}.Heavy Test|x86.Build.0 = Release|Any CPU
		{C9CA0468-AE54-432B-A711-5A98C45A6583}.Release|Any CPU.ActiveCfg = Release|Any CPU
		{C9CA0468-AE54-432B-A711-5A98C45A6583}.Release|Any CPU.Build.0 = Release|Any CPU
		{C9CA0468-AE54-432B-A711-5A98C45A6583}.Release|ARM.ActiveCfg = Release|Any CPU
		{C9CA0468-AE54-432B-A711-5A98C45A6583}.Release|ARM.Build.0 = Release|Any CPU
		{C9CA0468-AE54-432B-A711-5A98C45A6583}.Release|ARM64.ActiveCfg = Release|Any CPU
		{C9CA0468-AE54-432B-A711-5A98C45A6583}.Release|ARM64.Build.0 = Release|Any CPU
		{C9CA0468-AE54-432B-A711-5A98C45A6583}.Release|x64.ActiveCfg = Release|Any CPU
		{C9CA0468-AE54-432B-A711-5A98C45A6583}.Release|x64.Build.0 = Release|Any CPU
		{C9CA0468-AE54-432B-A711-5A98C45A6583}.Release|x86.ActiveCfg = Release|Any CPU
		{C9CA0468-AE54-432B-A711-5A98C45A6583}.Release|x86.Build.0 = Release|Any CPU
		{7EB6BE27-0BAC-46F3-B49B-07338D6F8F55}.Debug|Any CPU.ActiveCfg = Debug|Any CPU
		{7EB6BE27-0BAC-46F3-B49B-07338D6F8F55}.Debug|Any CPU.Build.0 = Debug|Any CPU
		{7EB6BE27-0BAC-46F3-B49B-07338D6F8F55}.Debug|ARM.ActiveCfg = Debug|Any CPU
		{7EB6BE27-0BAC-46F3-B49B-07338D6F8F55}.Debug|ARM.Build.0 = Debug|Any CPU
		{7EB6BE27-0BAC-46F3-B49B-07338D6F8F55}.Debug|ARM64.ActiveCfg = Debug|Any CPU
		{7EB6BE27-0BAC-46F3-B49B-07338D6F8F55}.Debug|ARM64.Build.0 = Debug|Any CPU
		{7EB6BE27-0BAC-46F3-B49B-07338D6F8F55}.Debug|x64.ActiveCfg = Debug|Any CPU
		{7EB6BE27-0BAC-46F3-B49B-07338D6F8F55}.Debug|x64.Build.0 = Debug|Any CPU
		{7EB6BE27-0BAC-46F3-B49B-07338D6F8F55}.Debug|x86.ActiveCfg = Debug|Any CPU
		{7EB6BE27-0BAC-46F3-B49B-07338D6F8F55}.Debug|x86.Build.0 = Debug|Any CPU
		{7EB6BE27-0BAC-46F3-B49B-07338D6F8F55}.Heavy Test|Any CPU.ActiveCfg = Release|Any CPU
		{7EB6BE27-0BAC-46F3-B49B-07338D6F8F55}.Heavy Test|Any CPU.Build.0 = Release|Any CPU
		{7EB6BE27-0BAC-46F3-B49B-07338D6F8F55}.Heavy Test|ARM.ActiveCfg = Release|Any CPU
		{7EB6BE27-0BAC-46F3-B49B-07338D6F8F55}.Heavy Test|ARM.Build.0 = Release|Any CPU
		{7EB6BE27-0BAC-46F3-B49B-07338D6F8F55}.Heavy Test|ARM64.ActiveCfg = Release|Any CPU
		{7EB6BE27-0BAC-46F3-B49B-07338D6F8F55}.Heavy Test|ARM64.Build.0 = Release|Any CPU
		{7EB6BE27-0BAC-46F3-B49B-07338D6F8F55}.Heavy Test|x64.ActiveCfg = Release|Any CPU
		{7EB6BE27-0BAC-46F3-B49B-07338D6F8F55}.Heavy Test|x64.Build.0 = Release|Any CPU
		{7EB6BE27-0BAC-46F3-B49B-07338D6F8F55}.Heavy Test|x86.ActiveCfg = Release|Any CPU
		{7EB6BE27-0BAC-46F3-B49B-07338D6F8F55}.Heavy Test|x86.Build.0 = Release|Any CPU
		{7EB6BE27-0BAC-46F3-B49B-07338D6F8F55}.Release|Any CPU.ActiveCfg = Release|Any CPU
		{7EB6BE27-0BAC-46F3-B49B-07338D6F8F55}.Release|Any CPU.Build.0 = Release|Any CPU
		{7EB6BE27-0BAC-46F3-B49B-07338D6F8F55}.Release|ARM.ActiveCfg = Release|Any CPU
		{7EB6BE27-0BAC-46F3-B49B-07338D6F8F55}.Release|ARM.Build.0 = Release|Any CPU
		{7EB6BE27-0BAC-46F3-B49B-07338D6F8F55}.Release|ARM64.ActiveCfg = Release|Any CPU
		{7EB6BE27-0BAC-46F3-B49B-07338D6F8F55}.Release|ARM64.Build.0 = Release|Any CPU
		{7EB6BE27-0BAC-46F3-B49B-07338D6F8F55}.Release|x64.ActiveCfg = Release|Any CPU
		{7EB6BE27-0BAC-46F3-B49B-07338D6F8F55}.Release|x64.Build.0 = Release|Any CPU
		{7EB6BE27-0BAC-46F3-B49B-07338D6F8F55}.Release|x86.ActiveCfg = Release|Any CPU
		{7EB6BE27-0BAC-46F3-B49B-07338D6F8F55}.Release|x86.Build.0 = Release|Any CPU
		{ECB2A8C8-6258-4859-9A9F-F90804B3E9CC}.Debug|Any CPU.ActiveCfg = Debug|Win32
		{ECB2A8C8-6258-4859-9A9F-F90804B3E9CC}.Debug|ARM.ActiveCfg = Debug|ARM
		{ECB2A8C8-6258-4859-9A9F-F90804B3E9CC}.Debug|ARM.Build.0 = Debug|ARM
		{ECB2A8C8-6258-4859-9A9F-F90804B3E9CC}.Debug|ARM64.ActiveCfg = Debug|ARM64
		{ECB2A8C8-6258-4859-9A9F-F90804B3E9CC}.Debug|ARM64.Build.0 = Debug|ARM64
		{ECB2A8C8-6258-4859-9A9F-F90804B3E9CC}.Debug|x64.ActiveCfg = Debug|x64
		{ECB2A8C8-6258-4859-9A9F-F90804B3E9CC}.Debug|x64.Build.0 = Debug|x64
		{ECB2A8C8-6258-4859-9A9F-F90804B3E9CC}.Debug|x86.ActiveCfg = Debug|Win32
		{ECB2A8C8-6258-4859-9A9F-F90804B3E9CC}.Debug|x86.Build.0 = Debug|Win32
		{ECB2A8C8-6258-4859-9A9F-F90804B3E9CC}.Heavy Test|Any CPU.ActiveCfg = Release|x64
		{ECB2A8C8-6258-4859-9A9F-F90804B3E9CC}.Heavy Test|Any CPU.Build.0 = Release|x64
		{ECB2A8C8-6258-4859-9A9F-F90804B3E9CC}.Heavy Test|ARM.ActiveCfg = Release|ARM
		{ECB2A8C8-6258-4859-9A9F-F90804B3E9CC}.Heavy Test|ARM.Build.0 = Release|ARM
		{ECB2A8C8-6258-4859-9A9F-F90804B3E9CC}.Heavy Test|ARM64.ActiveCfg = Release|ARM64
		{ECB2A8C8-6258-4859-9A9F-F90804B3E9CC}.Heavy Test|ARM64.Build.0 = Release|ARM64
		{ECB2A8C8-6258-4859-9A9F-F90804B3E9CC}.Heavy Test|x64.ActiveCfg = Release|x64
		{ECB2A8C8-6258-4859-9A9F-F90804B3E9CC}.Heavy Test|x64.Build.0 = Release|x64
		{ECB2A8C8-6258-4859-9A9F-F90804B3E9CC}.Heavy Test|x86.ActiveCfg = Release|Win32
		{ECB2A8C8-6258-4859-9A9F-F90804B3E9CC}.Heavy Test|x86.Build.0 = Release|Win32
		{ECB2A8C8-6258-4859-9A9F-F90804B3E9CC}.Release|Any CPU.ActiveCfg = Release|Win32
		{ECB2A8C8-6258-4859-9A9F-F90804B3E9CC}.Release|ARM.ActiveCfg = Release|ARM
		{ECB2A8C8-6258-4859-9A9F-F90804B3E9CC}.Release|ARM.Build.0 = Release|ARM
		{ECB2A8C8-6258-4859-9A9F-F90804B3E9CC}.Release|ARM64.ActiveCfg = Release|ARM64
		{ECB2A8C8-6258-4859-9A9F-F90804B3E9CC}.Release|ARM64.Build.0 = Release|ARM64
		{ECB2A8C8-6258-4859-9A9F-F90804B3E9CC}.Release|x64.ActiveCfg = Release|x64
		{ECB2A8C8-6258-4859-9A9F-F90804B3E9CC}.Release|x64.Build.0 = Release|x64
		{ECB2A8C8-6258-4859-9A9F-F90804B3E9CC}.Release|x86.ActiveCfg = Release|Win32
		{ECB2A8C8-6258-4859-9A9F-F90804B3E9CC}.Release|x86.Build.0 = Release|Win32
		{15E4D3B2-2BC1-46ED-8DAF-61F7D7BB9945}.Debug|Any CPU.ActiveCfg = Debug|Any CPU
		{15E4D3B2-2BC1-46ED-8DAF-61F7D7BB9945}.Debug|Any CPU.Build.0 = Debug|Any CPU
		{15E4D3B2-2BC1-46ED-8DAF-61F7D7BB9945}.Debug|ARM.ActiveCfg = Debug|Any CPU
		{15E4D3B2-2BC1-46ED-8DAF-61F7D7BB9945}.Debug|ARM.Build.0 = Debug|Any CPU
		{15E4D3B2-2BC1-46ED-8DAF-61F7D7BB9945}.Debug|ARM64.ActiveCfg = Debug|Any CPU
		{15E4D3B2-2BC1-46ED-8DAF-61F7D7BB9945}.Debug|ARM64.Build.0 = Debug|Any CPU
		{15E4D3B2-2BC1-46ED-8DAF-61F7D7BB9945}.Debug|x64.ActiveCfg = Debug|Any CPU
		{15E4D3B2-2BC1-46ED-8DAF-61F7D7BB9945}.Debug|x64.Build.0 = Debug|Any CPU
		{15E4D3B2-2BC1-46ED-8DAF-61F7D7BB9945}.Debug|x86.ActiveCfg = Debug|Any CPU
		{15E4D3B2-2BC1-46ED-8DAF-61F7D7BB9945}.Debug|x86.Build.0 = Debug|Any CPU
		{15E4D3B2-2BC1-46ED-8DAF-61F7D7BB9945}.Heavy Test|Any CPU.ActiveCfg = Debug|Any CPU
		{15E4D3B2-2BC1-46ED-8DAF-61F7D7BB9945}.Heavy Test|Any CPU.Build.0 = Debug|Any CPU
		{15E4D3B2-2BC1-46ED-8DAF-61F7D7BB9945}.Heavy Test|ARM.ActiveCfg = Debug|Any CPU
		{15E4D3B2-2BC1-46ED-8DAF-61F7D7BB9945}.Heavy Test|ARM.Build.0 = Debug|Any CPU
		{15E4D3B2-2BC1-46ED-8DAF-61F7D7BB9945}.Heavy Test|ARM64.ActiveCfg = Debug|Any CPU
		{15E4D3B2-2BC1-46ED-8DAF-61F7D7BB9945}.Heavy Test|ARM64.Build.0 = Debug|Any CPU
		{15E4D3B2-2BC1-46ED-8DAF-61F7D7BB9945}.Heavy Test|x64.ActiveCfg = Debug|Any CPU
		{15E4D3B2-2BC1-46ED-8DAF-61F7D7BB9945}.Heavy Test|x64.Build.0 = Debug|Any CPU
		{15E4D3B2-2BC1-46ED-8DAF-61F7D7BB9945}.Heavy Test|x86.ActiveCfg = Debug|Any CPU
		{15E4D3B2-2BC1-46ED-8DAF-61F7D7BB9945}.Heavy Test|x86.Build.0 = Debug|Any CPU
		{15E4D3B2-2BC1-46ED-8DAF-61F7D7BB9945}.Release|Any CPU.ActiveCfg = Release|Any CPU
		{15E4D3B2-2BC1-46ED-8DAF-61F7D7BB9945}.Release|Any CPU.Build.0 = Release|Any CPU
		{15E4D3B2-2BC1-46ED-8DAF-61F7D7BB9945}.Release|ARM.ActiveCfg = Release|Any CPU
		{15E4D3B2-2BC1-46ED-8DAF-61F7D7BB9945}.Release|ARM.Build.0 = Release|Any CPU
		{15E4D3B2-2BC1-46ED-8DAF-61F7D7BB9945}.Release|ARM64.ActiveCfg = Release|Any CPU
		{15E4D3B2-2BC1-46ED-8DAF-61F7D7BB9945}.Release|ARM64.Build.0 = Release|Any CPU
		{15E4D3B2-2BC1-46ED-8DAF-61F7D7BB9945}.Release|x64.ActiveCfg = Release|Any CPU
		{15E4D3B2-2BC1-46ED-8DAF-61F7D7BB9945}.Release|x64.Build.0 = Release|Any CPU
		{15E4D3B2-2BC1-46ED-8DAF-61F7D7BB9945}.Release|x86.ActiveCfg = Release|Any CPU
		{15E4D3B2-2BC1-46ED-8DAF-61F7D7BB9945}.Release|x86.Build.0 = Release|Any CPU
		{C5764CEA-EE13-4C6B-90A7-14507D40182B}.Debug|Any CPU.ActiveCfg = Debug|Any CPU
		{C5764CEA-EE13-4C6B-90A7-14507D40182B}.Debug|Any CPU.Build.0 = Debug|Any CPU
		{C5764CEA-EE13-4C6B-90A7-14507D40182B}.Debug|ARM.ActiveCfg = Debug|Any CPU
		{C5764CEA-EE13-4C6B-90A7-14507D40182B}.Debug|ARM.Build.0 = Debug|Any CPU
		{C5764CEA-EE13-4C6B-90A7-14507D40182B}.Debug|ARM64.ActiveCfg = Debug|Any CPU
		{C5764CEA-EE13-4C6B-90A7-14507D40182B}.Debug|ARM64.Build.0 = Debug|Any CPU
		{C5764CEA-EE13-4C6B-90A7-14507D40182B}.Debug|x64.ActiveCfg = Debug|Any CPU
		{C5764CEA-EE13-4C6B-90A7-14507D40182B}.Debug|x64.Build.0 = Debug|Any CPU
		{C5764CEA-EE13-4C6B-90A7-14507D40182B}.Debug|x86.ActiveCfg = Debug|Any CPU
		{C5764CEA-EE13-4C6B-90A7-14507D40182B}.Debug|x86.Build.0 = Debug|Any CPU
		{C5764CEA-EE13-4C6B-90A7-14507D40182B}.Heavy Test|Any CPU.ActiveCfg = Debug|Any CPU
		{C5764CEA-EE13-4C6B-90A7-14507D40182B}.Heavy Test|Any CPU.Build.0 = Debug|Any CPU
		{C5764CEA-EE13-4C6B-90A7-14507D40182B}.Heavy Test|ARM.ActiveCfg = Debug|Any CPU
		{C5764CEA-EE13-4C6B-90A7-14507D40182B}.Heavy Test|ARM.Build.0 = Debug|Any CPU
		{C5764CEA-EE13-4C6B-90A7-14507D40182B}.Heavy Test|ARM64.ActiveCfg = Debug|Any CPU
		{C5764CEA-EE13-4C6B-90A7-14507D40182B}.Heavy Test|ARM64.Build.0 = Debug|Any CPU
		{C5764CEA-EE13-4C6B-90A7-14507D40182B}.Heavy Test|x64.ActiveCfg = Debug|Any CPU
		{C5764CEA-EE13-4C6B-90A7-14507D40182B}.Heavy Test|x64.Build.0 = Debug|Any CPU
		{C5764CEA-EE13-4C6B-90A7-14507D40182B}.Heavy Test|x86.ActiveCfg = Debug|Any CPU
		{C5764CEA-EE13-4C6B-90A7-14507D40182B}.Heavy Test|x86.Build.0 = Debug|Any CPU
		{C5764CEA-EE13-4C6B-90A7-14507D40182B}.Release|Any CPU.ActiveCfg = Release|Any CPU
		{C5764CEA-EE13-4C6B-90A7-14507D40182B}.Release|Any CPU.Build.0 = Release|Any CPU
		{C5764CEA-EE13-4C6B-90A7-14507D40182B}.Release|ARM.ActiveCfg = Release|Any CPU
		{C5764CEA-EE13-4C6B-90A7-14507D40182B}.Release|ARM.Build.0 = Release|Any CPU
		{C5764CEA-EE13-4C6B-90A7-14507D40182B}.Release|ARM64.ActiveCfg = Release|Any CPU
		{C5764CEA-EE13-4C6B-90A7-14507D40182B}.Release|ARM64.Build.0 = Release|Any CPU
		{C5764CEA-EE13-4C6B-90A7-14507D40182B}.Release|x64.ActiveCfg = Release|Any CPU
		{C5764CEA-EE13-4C6B-90A7-14507D40182B}.Release|x64.Build.0 = Release|Any CPU
		{C5764CEA-EE13-4C6B-90A7-14507D40182B}.Release|x86.ActiveCfg = Release|Any CPU
		{C5764CEA-EE13-4C6B-90A7-14507D40182B}.Release|x86.Build.0 = Release|Any CPU
	EndGlobalSection
	GlobalSection(SolutionProperties) = preSolution
		HideSolutionNode = FALSE
	EndGlobalSection
	GlobalSection(ExtensibilityGlobals) = postSolution
		SolutionGuid = {406DD7A0-760B-4170-BBFB-2D19209EA6BD}
	EndGlobalSection
EndGlobal
